
Microsoft Visual Studio Solution File, Format Version 12.00
# Visual Studio 15
VisualStudioVersion = 15.0.28307.168
MinimumVisualStudioVersion = 10.0.40219.1
Project("{9A19103F-16F7-4668-BE54-9A1E7A4F7556}") = "dm.BanBonanza", "dm.BanBonanza.csproj", "{8BA33093-D7CD-4E73-B03E-65ECE4C4CD85}"
EndProject
Global
	GlobalSection(SolutionConfigurationPlatforms) = preSolution
		Debug|Any CPU = Debug|Any CPU
		Release|Any CPU = Release|Any CPU
	EndGlobalSection
	GlobalSection(ProjectConfigurationPlatforms) = postSolution
		{8BA33093-D7CD-4E73-B03E-65ECE4C4CD85}.Debug|Any CPU.ActiveCfg = Debug|Any CPU
		{8BA33093-D7CD-4E73-B03E-65ECE4C4CD85}.Debug|Any CPU.Build.0 = Debug|Any CPU
		{8BA33093-D7CD-4E73-B03E-65ECE4C4CD85}.Release|Any CPU.ActiveCfg = Release|Any CPU
		{8BA33093-D7CD-4E73-B03E-65ECE4C4CD85}.Release|Any CPU.Build.0 = Release|Any CPU
	EndGlobalSection
	GlobalSection(SolutionProperties) = preSolution
		HideSolutionNode = FALSE
	EndGlobalSection
	GlobalSection(ExtensibilityGlobals) = postSolution
		SolutionGuid = {6A0DF93A-BA69-4CA9-B7DD-5DBBABACE787}
	EndGlobalSection
EndGlobal
